// !$*UTF8*$!
{
	archiveVersion = 1;
	classes = {
	};
	objectVersion = 46;
	objects = {

/* Begin PBXBuildFile section */
		F7DBC7BB1946A5B400982F86 /* Foundation.framework in Frameworks */ = {isa = PBXBuildFile; fileRef = F7DBC7BA1946A5B400982F86 /* Foundation.framework */; };
		F7DBC7BD1946A5B400982F86 /* CoreGraphics.framework in Frameworks */ = {isa = PBXBuildFile; fileRef = F7DBC7BC1946A5B400982F86 /* CoreGraphics.framework */; };
		F7DBC7BF1946A5B400982F86 /* UIKit.framework in Frameworks */ = {isa = PBXBuildFile; fileRef = F7DBC7BE1946A5B400982F86 /* UIKit.framework */; };
		F7DBC7C51946A5B400982F86 /* InfoPlist.strings in Resources */ = {isa = PBXBuildFile; fileRef = F7DBC7C31946A5B400982F86 /* InfoPlist.strings */; };
		F7DBC7C71946A5B400982F86 /* main.m in Sources */ = {isa = PBXBuildFile; fileRef = F7DBC7C61946A5B400982F86 /* main.m */; };
		F7DBC7CB1946A5B400982F86 /* AppDelegate.m in Sources */ = {isa = PBXBuildFile; fileRef = F7DBC7CA1946A5B400982F86 /* AppDelegate.m */; };
		F7DBC7CD1946A5B400982F86 /* Images.xcassets in Resources */ = {isa = PBXBuildFile; fileRef = F7DBC7CC1946A5B400982F86 /* Images.xcassets */; };
		F7DBC7D41946A5B400982F86 /* XCTest.framework in Frameworks */ = {isa = PBXBuildFile; fileRef = F7DBC7D31946A5B400982F86 /* XCTest.framework */; };
		F7DBC7D51946A5B400982F86 /* Foundation.framework in Frameworks */ = {isa = PBXBuildFile; fileRef = F7DBC7BA1946A5B400982F86 /* Foundation.framework */; };
		F7DBC7D61946A5B400982F86 /* UIKit.framework in Frameworks */ = {isa = PBXBuildFile; fileRef = F7DBC7BE1946A5B400982F86 /* UIKit.framework */; };
		F7DBC7DE1946A5B400982F86 /* InfoPlist.strings in Resources */ = {isa = PBXBuildFile; fileRef = F7DBC7DC1946A5B400982F86 /* InfoPlist.strings */; };
		F7DBC7E01946A5B400982F86 /* facebookTests.m in Sources */ = {isa = PBXBuildFile; fileRef = F7DBC7DF1946A5B400982F86 /* facebookTests.m */; };
		F7DBC7EC1946A66700982F86 /* MainViewController.m in Sources */ = {isa = PBXBuildFile; fileRef = F7DBC7EA1946A66700982F86 /* MainViewController.m */; };
		F7DBC7ED1946A66700982F86 /* MainViewController.xib in Resources */ = {isa = PBXBuildFile; fileRef = F7DBC7EB1946A66700982F86 /* MainViewController.xib */; };
/* End PBXBuildFile section */

/* Begin PBXContainerItemProxy section */
		F7DBC7D71946A5B400982F86 /* PBXContainerItemProxy */ = {
			isa = PBXContainerItemProxy;
			containerPortal = F7DBC7AF1946A5B400982F86 /* Project object */;
			proxyType = 1;
			remoteGlobalIDString = F7DBC7B61946A5B400982F86;
			remoteInfo = facebook;
		};
/* End PBXContainerItemProxy section */

/* Begin PBXFileReference section */
		F7DBC7B71946A5B400982F86 /* facebook.app */ = {isa = PBXFileReference; explicitFileType = wrapper.application; includeInIndex = 0; path = facebook.app; sourceTree = BUILT_PRODUCTS_DIR; };
		F7DBC7BA1946A5B400982F86 /* Foundation.framework */ = {isa = PBXFileReference; lastKnownFileType = wrapper.framework; name = Foundation.framework; path = System/Library/Frameworks/Foundation.framework; sourceTree = SDKROOT; };
		F7DBC7BC1946A5B400982F86 /* CoreGraphics.framework */ = {isa = PBXFileReference; lastKnownFileType = wrapper.framework; name = CoreGraphics.framework; path = System/Library/Frameworks/CoreGraphics.framework; sourceTree = SDKROOT; };
		F7DBC7BE1946A5B400982F86 /* UIKit.framework */ = {isa = PBXFileReference; lastKnownFileType = wrapper.framework; name = UIKit.framework; path = System/Library/Frameworks/UIKit.framework; sourceTree = SDKROOT; };
		F7DBC7C21946A5B400982F86 /* facebook-Info.plist */ = {isa = PBXFileReference; lastKnownFileType = text.plist.xml; path = "facebook-Info.plist"; sourceTree = "<group>"; };
		F7DBC7C41946A5B400982F86 /* en */ = {isa = PBXFileReference; lastKnownFileType = text.plist.strings; name = en; path = en.lproj/InfoPlist.strings; sourceTree = "<group>"; };
		F7DBC7C61946A5B400982F86 /* main.m */ = {isa = PBXFileReference; lastKnownFileType = sourcecode.c.objc; path = main.m; sourceTree = "<group>"; };
		F7DBC7C81946A5B400982F86 /* facebook-Prefix.pch */ = {isa = PBXFileReference; lastKnownFileType = sourcecode.c.h; path = "facebook-Prefix.pch"; sourceTree = "<group>"; };
		F7DBC7C91946A5B400982F86 /* AppDelegate.h */ = {isa = PBXFileReference; lastKnownFileType = sourcecode.c.h; path = AppDelegate.h; sourceTree = "<group>"; };
		F7DBC7CA1946A5B400982F86 /* AppDelegate.m */ = {isa = PBXFileReference; lastKnownFileType = sourcecode.c.objc; path = AppDelegate.m; sourceTree = "<group>"; };
		F7DBC7CC1946A5B400982F86 /* Images.xcassets */ = {isa = PBXFileReference; lastKnownFileType = folder.assetcatalog; path = Images.xcassets; sourceTree = "<group>"; };
		F7DBC7D21946A5B400982F86 /* facebookTests.xctest */ = {isa = PBXFileReference; explicitFileType = wrapper.cfbundle; includeInIndex = 0; path = facebookTests.xctest; sourceTree = BUILT_PRODUCTS_DIR; };
		F7DBC7D31946A5B400982F86 /* XCTest.framework */ = {isa = PBXFileReference; lastKnownFileType = wrapper.framework; name = XCTest.framework; path = Library/Frameworks/XCTest.framework; sourceTree = DEVELOPER_DIR; };
		F7DBC7DB1946A5B400982F86 /* facebookTests-Info.plist */ = {isa = PBXFileReference; lastKnownFileType = text.plist.xml; path = "facebookTests-Info.plist"; sourceTree = "<group>"; };
		F7DBC7DD1946A5B400982F86 /* en */ = {isa = PBXFileReference; lastKnownFileType = text.plist.strings; name = en; path = en.lproj/InfoPlist.strings; sourceTree = "<group>"; };
		F7DBC7DF1946A5B400982F86 /* facebookTests.m */ = {isa = PBXFileReference; lastKnownFileType = sourcecode.c.objc; path = facebookTests.m; sourceTree = "<group>"; };
		F7DBC7E91946A66700982F86 /* MainViewController.h */ = {isa = PBXFileReference; fileEncoding = 4; lastKnownFileType = sourcecode.c.h; path = MainViewController.h; sourceTree = "<group>"; };
		F7DBC7EA1946A66700982F86 /* MainViewController.m */ = {isa = PBXFileReference; fileEncoding = 4; lastKnownFileType = sourcecode.c.objc; path = MainViewController.m; sourceTree = "<group>"; };
		F7DBC7EB1946A66700982F86 /* MainViewController.xib */ = {isa = PBXFileReference; fileEncoding = 4; lastKnownFileType = file.xib; path = MainViewController.xib; sourceTree = "<group>"; };
/* End PBXFileReference section */

/* Begin PBXFrameworksBuildPhase section */
		F7DBC7B41946A5B400982F86 /* Frameworks */ = {
			isa = PBXFrameworksBuildPhase;
			buildActionMask = 2147483647;
			files = (
				F7DBC7BD1946A5B400982F86 /* CoreGraphics.framework in Frameworks */,
				F7DBC7BF1946A5B400982F86 /* UIKit.framework in Frameworks */,
				F7DBC7BB1946A5B400982F86 /* Foundation.framework in Frameworks */,
			);
			runOnlyForDeploymentPostprocessing = 0;
		};
		F7DBC7CF1946A5B400982F86 /* Frameworks */ = {
			isa = PBXFrameworksBuildPhase;
			buildActionMask = 2147483647;
			files = (
				F7DBC7D41946A5B400982F86 /* XCTest.framework in Frameworks */,
				F7DBC7D61946A5B400982F86 /* UIKit.framework in Frameworks */,
				F7DBC7D51946A5B400982F86 /* Foundation.framework in Frameworks */,
			);
			runOnlyForDeploymentPostprocessing = 0;
		};
/* End PBXFrameworksBuildPhase section */

/* Begin PBXGroup section */
		F7DBC7AE1946A5B400982F86 = {
			isa = PBXGroup;
			children = (
				F7DBC7C01946A5B400982F86 /* facebook */,
				F7DBC7D91946A5B400982F86 /* facebookTests */,
				F7DBC7B91946A5B400982F86 /* Frameworks */,
				F7DBC7B81946A5B400982F86 /* Products */,
			);
			sourceTree = "<group>";
		};
		F7DBC7B81946A5B400982F86 /* Products */ = {
			isa = PBXGroup;
			children = (
				F7DBC7B71946A5B400982F86 /* facebook.app */,
				F7DBC7D21946A5B400982F86 /* facebookTests.xctest */,
			);
			name = Products;
			sourceTree = "<group>";
		};
		F7DBC7B91946A5B400982F86 /* Frameworks */ = {
			isa = PBXGroup;
			children = (
				F7DBC7BA1946A5B400982F86 /* Foundation.framework */,
				F7DBC7BC1946A5B400982F86 /* CoreGraphics.framework */,
				F7DBC7BE1946A5B400982F86 /* UIKit.framework */,
				F7DBC7D31946A5B400982F86 /* XCTest.framework */,
			);
			name = Frameworks;
			sourceTree = "<group>";
		};
		F7DBC7C01946A5B400982F86 /* facebook */ = {
			isa = PBXGroup;
			children = (
				F7DBC7C91946A5B400982F86 /* AppDelegate.h */,
				F7DBC7CA1946A5B400982F86 /* AppDelegate.m */,
				F7DBC7CC1946A5B400982F86 /* Images.xcassets */,
				F7DBC7C11946A5B400982F86 /* Supporting Files */,
				F7DBC7E91946A66700982F86 /* MainViewController.h */,
				F7DBC7EA1946A66700982F86 /* MainViewController.m */,
				F7DBC7EB1946A66700982F86 /* MainViewController.xib */,
			);
			path = facebook;
			sourceTree = "<group>";
		};
		F7DBC7C11946A5B400982F86 /* Supporting Files */ = {
			isa = PBXGroup;
			children = (
				F7DBC7C21946A5B400982F86 /* facebook-Info.plist */,
				F7DBC7C31946A5B400982F86 /* InfoPlist.strings */,
				F7DBC7C61946A5B400982F86 /* main.m */,
				F7DBC7C81946A5B400982F86 /* facebook-Prefix.pch */,
			);
			name = "Supporting Files";
			sourceTree = "<group>";
		};
		F7DBC7D91946A5B400982F86 /* facebookTests */ = {
			isa = PBXGroup;
			children = (
				F7DBC7DF1946A5B400982F86 /* facebookTests.m */,
				F7DBC7DA1946A5B400982F86 /* Supporting Files */,
			);
			path = facebookTests;
			sourceTree = "<group>";
		};
		F7DBC7DA1946A5B400982F86 /* Supporting Files */ = {
			isa = PBXGroup;
			children = (
				F7DBC7DB1946A5B400982F86 /* facebookTests-Info.plist */,
				F7DBC7DC1946A5B400982F86 /* InfoPlist.strings */,
			);
			name = "Supporting Files";
			sourceTree = "<group>";
		};
/* End PBXGroup section */

/* Begin PBXNativeTarget section */
		F7DBC7B61946A5B400982F86 /* facebook */ = {
			isa = PBXNativeTarget;
			buildConfigurationList = F7DBC7E31946A5B400982F86 /* Build configuration list for PBXNativeTarget "facebook" */;
			buildPhases = (
				F7DBC7B31946A5B400982F86 /* Sources */,
				F7DBC7B41946A5B400982F86 /* Frameworks */,
				F7DBC7B51946A5B400982F86 /* Resources */,
			);
			buildRules = (
			);
			dependencies = (
			);
			name = facebook;
			productName = facebook;
			productReference = F7DBC7B71946A5B400982F86 /* facebook.app */;
			productType = "com.apple.product-type.application";
		};
		F7DBC7D11946A5B400982F86 /* facebookTests */ = {
			isa = PBXNativeTarget;
			buildConfigurationList = F7DBC7E61946A5B400982F86 /* Build configuration list for PBXNativeTarget "facebookTests" */;
			buildPhases = (
				F7DBC7CE1946A5B400982F86 /* Sources */,
				F7DBC7CF1946A5B400982F86 /* Frameworks */,
				F7DBC7D01946A5B400982F86 /* Resources */,
			);
			buildRules = (
			);
			dependencies = (
				F7DBC7D81946A5B400982F86 /* PBXTargetDependency */,
			);
			name = facebookTests;
			productName = facebookTests;
			productReference = F7DBC7D21946A5B400982F86 /* facebookTests.xctest */;
			productType = "com.apple.product-type.bundle.unit-test";
		};
/* End PBXNativeTarget section */

/* Begin PBXProject section */
		F7DBC7AF1946A5B400982F86 /* Project object */ = {
			isa = PBXProject;
			attributes = {
				LastUpgradeCheck = 0510;
				ORGANIZATIONNAME = shali;
				TargetAttributes = {
					F7DBC7D11946A5B400982F86 = {
						TestTargetID = F7DBC7B61946A5B400982F86;
					};
				};
			};
			buildConfigurationList = F7DBC7B21946A5B400982F86 /* Build configuration list for PBXProject "facebook" */;
			compatibilityVersion = "Xcode 3.2";
			developmentRegion = English;
			hasScannedForEncodings = 0;
			knownRegions = (
				en,
			);
			mainGroup = F7DBC7AE1946A5B400982F86;
			productRefGroup = F7DBC7B81946A5B400982F86 /* Products */;
			projectDirPath = "";
			projectRoot = "";
			targets = (
				F7DBC7B61946A5B400982F86 /* facebook */,
				F7DBC7D11946A5B400982F86 /* facebookTests */,
			);
		};
/* End PBXProject section */

/* Begin PBXResourcesBuildPhase section */
		F7DBC7B51946A5B400982F86 /* Resources */ = {
			isa = PBXResourcesBuildPhase;
			buildActionMask = 2147483647;
			files = (
				F7DBC7C51946A5B400982F86 /* InfoPlist.strings in Resources */,
				F7DBC7ED1946A66700982F86 /* MainViewController.xib in Resources */,
				F7DBC7CD1946A5B400982F86 /* Images.xcassets in Resources */,
			);
			runOnlyForDeploymentPostprocessing = 0;
		};
		F7DBC7D01946A5B400982F86 /* Resources */ = {
			isa = PBXResourcesBuildPhase;
			buildActionMask = 2147483647;
			files = (
				F7DBC7DE1946A5B400982F86 /* InfoPlist.strings in Resources */,
			);
			runOnlyForDeploymentPostprocessing = 0;
		};
/* End PBXResourcesBuildPhase section */

/* Begin PBXSourcesBuildPhase section */
		F7DBC7B31946A5B400982F86 /* Sources */ = {
			isa = PBXSourcesBuildPhase;
			buildActionMask = 2147483647;
			files = (
				F7DBC7CB1946A5B400982F86 /* AppDelegate.m in Sources */,
				F7DBC7EC1946A66700982F86 /* MainViewController.m in Sources */,
				F7DBC7C71946A5B400982F86 /* main.m in Sources */,
			);
			runOnlyForDeploymentPostprocessing = 0;
		};
		F7DBC7CE1946A5B400982F86 /* Sources */ = {
			isa = PBXSourcesBuildPhase;
			buildActionMask = 2147483647;
			files = (
				F7DBC7E01946A5B400982F86 /* facebookTests.m in Sources */,
			);
			runOnlyForDeploymentPostprocessing = 0;
		};
/* End PBXSourcesBuildPhase section */

/* Begin PBXTargetDependency section */
		F7DBC7D81946A5B400982F86 /* PBXTargetDependency */ = {
			isa = PBXTargetDependency;
			target = F7DBC7B61946A5B400982F86 /* facebook */;
			targetProxy = F7DBC7D71946A5B400982F86 /* PBXContainerItemProxy */;
		};
/* End PBXTargetDependency section */

/* Begin PBXVariantGroup section */
		F7DBC7C31946A5B400982F86 /* InfoPlist.strings */ = {
			isa = PBXVariantGroup;
			children = (
				F7DBC7C41946A5B400982F86 /* en */,
			);
			name = InfoPlist.strings;
			sourceTree = "<group>";
		};
		F7DBC7DC1946A5B400982F86 /* InfoPlist.strings */ = {
			isa = PBXVariantGroup;
			children = (
				F7DBC7DD1946A5B400982F86 /* en */,
			);
			name = InfoPlist.strings;
			sourceTree = "<group>";
		};
/* End PBXVariantGroup section */

/* Begin XCBuildConfiguration section */
		F7DBC7E11946A5B400982F86 /* Debug */ = {
			isa = XCBuildConfiguration;
			buildSettings = {
				ALWAYS_SEARCH_USER_PATHS = NO;
				CLANG_CXX_LANGUAGE_STANDARD = "gnu++0x";
				CLANG_CXX_LIBRARY = "libc++";
				CLANG_ENABLE_MODULES = YES;
				CLANG_ENABLE_OBJC_ARC = YES;
				CLANG_WARN_BOOL_CONVERSION = YES;
				CLANG_WARN_CONSTANT_CONVERSION = YES;
				CLANG_WARN_DIRECT_OBJC_ISA_USAGE = YES_ERROR;
				CLANG_WARN_EMPTY_BODY = YES;
				CLANG_WARN_ENUM_CONVERSION = YES;
				CLANG_WARN_INT_CONVERSION = YES;
				CLANG_WARN_OBJC_ROOT_CLASS = YES_ERROR;
				CLANG_WARN__DUPLICATE_METHOD_MATCH = YES;
				"CODE_SIGN_IDENTITY[sdk=iphoneos*]" = "iPhone Developer";
				COPY_PHASE_STRIP = NO;
				GCC_C_LANGUAGE_STANDARD = gnu99;
				GCC_DYNAMIC_NO_PIC = NO;
				GCC_OPTIMIZATION_LEVEL = 0;
				GCC_PREPROCESSOR_DEFINITIONS = (
					"DEBUG=1",
					"$(inherited)",
				);
				GCC_SYMBOLS_PRIVATE_EXTERN = NO;
				GCC_WARN_64_TO_32_BIT_CONVERSION = YES;
				GCC_WARN_ABOUT_RETURN_TYPE = YES_ERROR;
				GCC_WARN_UNDECLARED_SELECTOR = YES;
				GCC_WARN_UNINITIALIZED_AUTOS = YES_AGGRESSIVE;
				GCC_WARN_UNUSED_FUNCTION = YES;
				GCC_WARN_UNUSED_VARIABLE = YES;
				IPHONEOS_DEPLOYMENT_TARGET = 7.1;
				ONLY_ACTIVE_ARCH = YES;
				SDKROOT = iphoneos;
			};
			name = Debug;
		};
		F7DBC7E21946A5B400982F86 /* Release */ = {
			isa = XCBuildConfiguration;
			buildSettings = {
				ALWAYS_SEARCH_USER_PATHS = NO;
				CLANG_CXX_LANGUAGE_STANDARD = "gnu++0x";
				CLANG_CXX_LIBRARY = "libc++";
				CLANG_ENABLE_MODULES = YES;
				CLANG_ENABLE_OBJC_ARC = YES;
				CLANG_WARN_BOOL_CONVERSION = YES;
				CLANG_WARN_CONSTANT_CONVERSION = YES;
				CLANG_WARN_DIRECT_OBJC_ISA_USAGE = YES_ERROR;
				CLANG_WARN_EMPTY_BODY = YES;
				CLANG_WARN_ENUM_CONVERSION = YES;
				CLANG_WARN_INT_CONVERSION = YES;
				CLANG_WARN_OBJC_ROOT_CLASS = YES_ERROR;
				CLANG_WARN__DUPLICATE_METHOD_MATCH = YES;
				"CODE_SIGN_IDENTITY[sdk=iphoneos*]" = "iPhone Developer";
				COPY_PHASE_STRIP = YES;
				ENABLE_NS_ASSERTIONS = NO;
				GCC_C_LANGUAGE_STANDARD = gnu99;
				GCC_WARN_64_TO_32_BIT_CONVERSION = YES;
				GCC_WARN_ABOUT_RETURN_TYPE = YES_ERROR;
				GCC_WARN_UNDECLARED_SELECTOR = YES;
				GCC_WARN_UNINITIALIZED_AUTOS = YES_AGGRESSIVE;
				GCC_WARN_UNUSED_FUNCTION = YES;
				GCC_WARN_UNUSED_VARIABLE = YES;
				IPHONEOS_DEPLOYMENT_TARGET = 7.1;
				SDKROOT = iphoneos;
				VALIDATE_PRODUCT = YES;
			};
			name = Release;
		};
		F7DBC7E41946A5B400982F86 /* Debug */ = {
			isa = XCBuildConfiguration;
			buildSettings = {
				ASSETCATALOG_COMPILER_APPICON_NAME = AppIcon;
				ASSETCATALOG_COMPILER_LAUNCHIMAGE_NAME = LaunchImage;
				GCC_PRECOMPILE_PREFIX_HEADER = YES;
				GCC_PREFIX_HEADER = "facebook/facebook-Prefix.pch";
				INFOPLIST_FILE = "facebook/facebook-Info.plist";
				IPHONEOS_DEPLOYMENT_TARGET = 7.1;
				PRODUCT_NAME = "$(TARGET_NAME)";
				WRAPPER_EXTENSION = app;
			};
			name = Debug;
		};
		F7DBC7E51946A5B400982F86 /* Release */ = {
			isa = XCBuildConfiguration;
			buildSettings = {
				ASSETCATALOG_COMPILER_APPICON_NAME = AppIcon;
				ASSETCATALOG_COMPILER_LAUNCHIMAGE_NAME = LaunchImage;
				GCC_PRECOMPILE_PREFIX_HEADER = YES;
				GCC_PREFIX_HEADER = "facebook/facebook-Prefix.pch";
				INFOPLIST_FILE = "facebook/facebook-Info.plist";
				IPHONEOS_DEPLOYMENT_TARGET = 7.1;
				PRODUCT_NAME = "$(TARGET_NAME)";
				WRAPPER_EXTENSION = app;
			};
			name = Release;
		};
		F7DBC7E71946A5B400982F86 /* Debug */ = {
			isa = XCBuildConfiguration;
			buildSettings = {
				BUNDLE_LOADER = "$(BUILT_PRODUCTS_DIR)/facebook.app/facebook";
				FRAMEWORK_SEARCH_PATHS = (
					"$(SDKROOT)/Developer/Library/Frameworks",
					"$(inherited)",
					"$(DEVELOPER_FRAMEWORKS_DIR)",
				);
				GCC_PRECOMPILE_PREFIX_HEADER = YES;
				GCC_PREFIX_HEADER = "facebook/facebook-Prefix.pch";
				GCC_PREPROCESSOR_DEFINITIONS = (
					"DEBUG=1",
					"$(inherited)",
				);
				INFOPLIST_FILE = "facebookTests/facebookTests-Info.plist";
				PRODUCT_NAME = "$(TARGET_NAME)";
				TEST_HOST = "$(BUNDLE_LOADER)";
				WRAPPER_EXTENSION = xctest;
			};
			name = Debug;
		};
		F7DBC7E81946A5B400982F86 /* Release */ = {
			isa = XCBuildConfiguration;
			buildSettings = {
				BUNDLE_LOADER = "$(BUILT_PRODUCTS_DIR)/facebook.app/facebook";
				FRAMEWORK_SEARCH_PATHS = (
					"$(SDKROOT)/Developer/Library/Frameworks",
					"$(inherited)",
					"$(DEVELOPER_FRAMEWORKS_DIR)",
				);
				GCC_PRECOMPILE_PREFIX_HEADER = YES;
				GCC_PREFIX_HEADER = "facebook/facebook-Prefix.pch";
				INFOPLIST_FILE = "facebookTests/facebookTests-Info.plist";
				PRODUCT_NAME = "$(TARGET_NAME)";
				TEST_HOST = "$(BUNDLE_LOADER)";
				WRAPPER_EXTENSION = xctest;
			};
			name = Release;
		};
/* End XCBuildConfiguration section */

/* Begin XCConfigurationList section */
		F7DBC7B21946A5B400982F86 /* Build configuration list for PBXProject "facebook" */ = {
			isa = XCConfigurationList;
			buildConfigurations = (
				F7DBC7E11946A5B400982F86 /* Debug */,
				F7DBC7E21946A5B400982F86 /* Release */,
			);
			defaultConfigurationIsVisible = 0;
			defaultConfigurationName = Release;
		};
		F7DBC7E31946A5B400982F86 /* Build configuration list for PBXNativeTarget "facebook" */ = {
			isa = XCConfigurationList;
			buildConfigurations = (
				F7DBC7E41946A5B400982F86 /* Debug */,
				F7DBC7E51946A5B400982F86 /* Release */,
			);
			defaultConfigurationIsVisible = 0;
			defaultConfigurationName = Release;
		};
		F7DBC7E61946A5B400982F86 /* Build configuration list for PBXNativeTarget "facebookTests" */ = {
			isa = XCConfigurationList;
			buildConfigurations = (
				F7DBC7E71946A5B400982F86 /* Debug */,
				F7DBC7E81946A5B400982F86 /* Release */,
			);
			defaultConfigurationIsVisible = 0;
			defaultConfigurationName = Release;
		};
/* End XCConfigurationList section */
	};
	rootObject = F7DBC7AF1946A5B400982F86 /* Project object */;
}
